<?xml version="1.0" encoding="utf-8"?>
<Project ToolsVersion="4.0" xmlns="http://schemas.microsoft.com/developer/msbuild/2003">
  <ItemGroup>
    <Filter Include="Source Files">
      <UniqueIdentifier>{4FC737F1-C7A5-4376-A066-2A32D752A2FF}</UniqueIdentifier>
      <Extensions>cpp;c;cc;cxx;c++;cppm;ixx;def;odl;idl;hpj;bat;asm;asmx</Extensions>
    </Filter>
    <Filter Include="Header Files">
      <UniqueIdentifier>{93995380-89BD-4b04-88EB-625FBE52EBFB}</UniqueIdentifier>
      <Extensions>h;hh;hpp;hxx;h++;hm;inl;inc;ipp;xsd</Extensions>
    </Filter>
    <Filter Include="Resource Files">
      <UniqueIdentifier>{67DA6AB6-F800-4c08-8B7A-83BB121AAD01}</UniqueIdentifier>
      <Extensions>rc;ico;cur;bmp;dlg;rc2;rct;bin;rgs;gif;jpg;jpeg;jpe;resx;tiff;tif;png;wav;mfcribbon-ms</Extensions>
    </Filter>
    <Filter Include="Resource Files\Shaders">
      <UniqueIdentifier>{64540535-2c12-4368-8cc5-bb1afc2271ce}</UniqueIdentifier>
    </Filter>
    <Filter Include="Source Files\Buffers">
      <UniqueIdentifier>{5951c202-f575-451b-9afd-b9a477719645}</UniqueIdentifier>
    </Filter>
    <Filter Include="Resource Files\Textures">
      <UniqueIdentifier>{0ec7cb05-ef20-4a36-8f76-72e5180bee1a}</UniqueIdentifier>
    </Filter>
    <Filter Include="Header Files\Buffers">
      <UniqueIdentifier>{df90f113-0712-44ef-a3bf-9afaa5d7dd13}</UniqueIdentifier>
    </Filter>
    <Filter Include="Resource Files\Shaders\default">
      <UniqueIdentifier>{25703a93-3c13-499c-b269-202df3aeefa2}</UniqueIdentifier>
    </Filter>
    <Filter Include="Resource Files\Shaders\lightSource">
      <UniqueIdentifier>{ea9fcf6c-e99c-46b3-8364-29d8f9fb21e1}</UniqueIdentifier>
    </Filter>
    <Filter Include="Resource Files\Shaders\board">
      <UniqueIdentifier>{15af17a7-aecd-458e-b844-0ca46d9c9a0c}</UniqueIdentifier>
    </Filter>
    <Filter Include="Resource Files\Textures\Cube">
      <UniqueIdentifier>{13a0aa02-3b08-422f-bf49-2ae28f766ecf}</UniqueIdentifier>
    </Filter>
    <Filter Include="Resource Files\Textures\Board">
      <UniqueIdentifier>{d3d1c129-7bfb-498d-96e7-0e8e7971b911}</UniqueIdentifier>
    </Filter>
  </ItemGroup>
  <ItemGroup>
    <ClCompile Include="glad.c">
      <Filter>Source Files</Filter>
    </ClCompile>
    <ClCompile Include="main.cpp">
      <Filter>Source Files</Filter>
    </ClCompile>
    <ClCompile Include="shaderClass.cpp">
      <Filter>Source Files</Filter>
    </ClCompile>
    <ClCompile Include="stb.cpp">
      <Filter>Source Files</Filter>
    </ClCompile>
    <ClCompile Include="VAO.cpp">
      <Filter>Source Files\Buffers</Filter>
    </ClCompile>
    <ClCompile Include="EBO.cpp">
      <Filter>Source Files\Buffers</Filter>
    </ClCompile>
    <ClCompile Include="VBO.cpp">
      <Filter>Source Files\Buffers</Filter>
    </ClCompile>
    <ClCompile Include="Texture.cpp">
      <Filter>Source Files</Filter>
    </ClCompile>
    <ClCompile Include="Camera.cpp">
      <Filter>Source Files</Filter>
    </ClCompile>
    <ClCompile Include="engine.cpp">
      <Filter>Source Files</Filter>
    </ClCompile>
    <ClCompile Include="mesh_class.cpp">
      <Filter>Source Files</Filter>
    </ClCompile>
  </ItemGroup>
  <ItemGroup>
    <None Include="default.vert">
      <Filter>Resource Files\Shaders\default</Filter>
    </None>
    <None Include="default.frag">
      <Filter>Resource Files\Shaders\default</Filter>
    </None>
    <None Include="ligSource.vert">
      <Filter>Resource Files\Shaders\lightSource</Filter>
    </None>
    <None Include="ligSource.frag">
      <Filter>Resource Files\Shaders\lightSource</Filter>
    </None>
    <None Include="board.vert">
      <Filter>Resource Files\Shaders\board</Filter>
    </None>
    <None Include="board.frag">
      <Filter>Resource Files\Shaders\board</Filter>
    </None>
  </ItemGroup>
  <ItemGroup>
    <ClInclude Include="shaderClass.h">
      <Filter>Header Files</Filter>
    </ClInclude>
    <ClInclude Include="Texture.h">
      <Filter>Header Files</Filter>
    </ClInclude>
    <ClInclude Include="VBO.h">
      <Filter>Header Files\Buffers</Filter>
    </ClInclude>
    <ClInclude Include="VAO.h">
      <Filter>Header Files\Buffers</Filter>
    </ClInclude>
    <ClInclude Include="EBO.h">
      <Filter>Header Files\Buffers</Filter>
    </ClInclude>
    <ClInclude Include="Camera.h">
      <Filter>Header Files</Filter>
    </ClInclude>
    <ClInclude Include="mesh_class.h">
      <Filter>Header Files</Filter>
    </ClInclude>
    <ClInclude Include="engine.h">
      <Filter>Header Files</Filter>
    </ClInclude>
  </ItemGroup>
  <ItemGroup>
    <Image Include="img\dieNormal.png">
      <Filter>Resource Files\Textures\Cube</Filter>
    </Image>
    <Image Include="img\planks.png">
      <Filter>Resource Files\Textures\Board</Filter>
    </Image>
    <Image Include="img\planksSpec.png">
      <Filter>Resource Files\Textures\Board</Filter>
    </Image>
    <Image Include="img\dietexture.png">
      <Filter>Resource Files\Textures\Cube</Filter>
    </Image>
  </ItemGroup>
</Project>